
Microsoft Visual Studio Solution File, Format Version 12.00
# Visual Studio Version 17
VisualStudioVersion = 17.5.33414.496
MinimumVisualStudioVersion = 10.0.40219.1
Project("{9A19103F-16F7-4668-BE54-9A1E7A4F7556}") = "SubstituidorTagsXML", "XML Tags Replacer\SubstituidorTagsXML.csproj", "{AAEBBA78-7076-4DB0-A662-8568C6FFF931}"
EndProject
Global
	GlobalSection(SolutionConfigurationPlatforms) = preSolution
		Debug|Any CPU = Debug|Any CPU
		Release|Any CPU = Release|Any CPU
	EndGlobalSection
	GlobalSection(ProjectConfigurationPlatforms) = postSolution
		{AAEBBA78-7076-4DB0-A662-8568C6FFF931}.Debug|Any CPU.ActiveCfg = Debug|Any CPU
		{AAEBBA78-7076-4DB0-A662-8568C6FFF931}.Debug|Any CPU.Build.0 = Debug|Any CPU
		{AAEBBA78-7076-4DB0-A662-8568C6FFF931}.Release|Any CPU.ActiveCfg = Release|Any CPU
		{AAEBBA78-7076-4DB0-A662-8568C6FFF931}.Release|Any CPU.Build.0 = Release|Any CPU
	EndGlobalSection
	GlobalSection(SolutionProperties) = preSolution
		HideSolutionNode = FALSE
	EndGlobalSection
	GlobalSection(ExtensibilityGlobals) = postSolution
		SolutionGuid = {1D3763B0-28C6-4CA3-8786-5543CA87442A}
	EndGlobalSection
EndGlobal
